// !$*UTF8*$!
{
	archiveVersion = 1;
	classes = {
	};
	objectVersion = 50;
	objects = {

/* Begin PBXBuildFile section */
		753107CB2129F12F0082C6D5 /* AppDelegate.swift in Sources */ = {isa = PBXBuildFile; fileRef = 753107CA2129F12F0082C6D5 /* AppDelegate.swift */; };
		753107CD2129F12F0082C6D5 /* ViewController.swift in Sources */ = {isa = PBXBuildFile; fileRef = 753107CC2129F12F0082C6D5 /* ViewController.swift */; };
		753107D02129F12F0082C6D5 /* Main.storyboard in Resources */ = {isa = PBXBuildFile; fileRef = 753107CE2129F12F0082C6D5 /* Main.storyboard */; };
		753107D22129F12F0082C6D5 /* Assets.xcassets in Resources */ = {isa = PBXBuildFile; fileRef = 753107D12129F12F0082C6D5 /* Assets.xcassets */; };
		753107D52129F12F0082C6D5 /* LaunchScreen.storyboard in Resources */ = {isa = PBXBuildFile; fileRef = 753107D32129F12F0082C6D5 /* LaunchScreen.storyboard */; };
		753107E02129F12F0082C6D5 /* gtgiosTests.swift in Sources */ = {isa = PBXBuildFile; fileRef = 753107DF2129F12F0082C6D5 /* gtgiosTests.swift */; };
		753107EB2129F12F0082C6D5 /* gtgiosUITests.swift in Sources */ = {isa = PBXBuildFile; fileRef = 753107EA2129F12F0082C6D5 /* gtgiosUITests.swift */; };
/* End PBXBuildFile section */

/* Begin PBXContainerItemProxy section */
		753107DC2129F12F0082C6D5 /* PBXContainerItemProxy */ = {
			isa = PBXContainerItemProxy;
			containerPortal = 753107BF2129F12E0082C6D5 /* Project object */;
			proxyType = 1;
			remoteGlobalIDString = 753107C62129F12F0082C6D5;
			remoteInfo = gtgios;
		};
		753107E72129F12F0082C6D5 /* PBXContainerItemProxy */ = {
			isa = PBXContainerItemProxy;
			containerPortal = 753107BF2129F12E0082C6D5 /* Project object */;
			proxyType = 1;
			remoteGlobalIDString = 753107C62129F12F0082C6D5;
			remoteInfo = gtgios;
		};
/* End PBXContainerItemProxy section */

/* Begin PBXFileReference section */
		753107C72129F12F0082C6D5 /* gtgios.app */ = {isa = PBXFileReference; explicitFileType = wrapper.application; includeInIndex = 0; path = gtgios.app; sourceTree = BUILT_PRODUCTS_DIR; };
		753107CA2129F12F0082C6D5 /* AppDelegate.swift */ = {isa = PBXFileReference; lastKnownFileType = sourcecode.swift; path = AppDelegate.swift; sourceTree = "<group>"; };
		753107CC2129F12F0082C6D5 /* ViewController.swift */ = {isa = PBXFileReference; lastKnownFileType = sourcecode.swift; path = ViewController.swift; sourceTree = "<group>"; };
		753107CF2129F12F0082C6D5 /* Base */ = {isa = PBXFileReference; lastKnownFileType = file.storyboard; name = Base; path = Base.lproj/Main.storyboard; sourceTree = "<group>"; };
		753107D12129F12F0082C6D5 /* Assets.xcassets */ = {isa = PBXFileReference; lastKnownFileType = folder.assetcatalog; path = Assets.xcassets; sourceTree = "<group>"; };
		753107D42129F12F0082C6D5 /* Base */ = {isa = PBXFileReference; lastKnownFileType = file.storyboard; name = Base; path = Base.lproj/LaunchScreen.storyboard; sourceTree = "<group>"; };
		753107D62129F12F0082C6D5 /* Info.plist */ = {isa = PBXFileReference; lastKnownFileType = text.plist.xml; path = Info.plist; sourceTree = "<group>"; };
		753107DB2129F12F0082C6D5 /* gtgiosTests.xctest */ = {isa = PBXFileReference; explicitFileType = wrapper.cfbundle; includeInIndex = 0; path = gtgiosTests.xctest; sourceTree = BUILT_PRODUCTS_DIR; };
		753107DF2129F12F0082C6D5 /* gtgiosTests.swift */ = {isa = PBXFileReference; lastKnownFileType = sourcecode.swift; path = gtgiosTests.swift; sourceTree = "<group>"; };
		753107E12129F12F0082C6D5 /* Info.plist */ = {isa = PBXFileReference; lastKnownFileType = text.plist.xml; path = Info.plist; sourceTree = "<group>"; };
		753107E62129F12F0082C6D5 /* gtgiosUITests.xctest */ = {isa = PBXFileReference; explicitFileType = wrapper.cfbundle; includeInIndex = 0; path = gtgiosUITests.xctest; sourceTree = BUILT_PRODUCTS_DIR; };
		753107EA2129F12F0082C6D5 /* gtgiosUITests.swift */ = {isa = PBXFileReference; lastKnownFileType = sourcecode.swift; path = gtgiosUITests.swift; sourceTree = "<group>"; };
		753107EC2129F12F0082C6D5 /* Info.plist */ = {isa = PBXFileReference; lastKnownFileType = text.plist.xml; path = Info.plist; sourceTree = "<group>"; };
/* End PBXFileReference section */

/* Begin PBXFrameworksBuildPhase section */
		753107C42129F12F0082C6D5 /* Frameworks */ = {
			isa = PBXFrameworksBuildPhase;
			buildActionMask = 2147483647;
			files = (
			);
			runOnlyForDeploymentPostprocessing = 0;
		};
		753107D82129F12F0082C6D5 /* Frameworks */ = {
			isa = PBXFrameworksBuildPhase;
			buildActionMask = 2147483647;
			files = (
			);
			runOnlyForDeploymentPostprocessing = 0;
		};
		753107E32129F12F0082C6D5 /* Frameworks */ = {
			isa = PBXFrameworksBuildPhase;
			buildActionMask = 2147483647;
			files = (
			);
			runOnlyForDeploymentPostprocessing = 0;
		};
/* End PBXFrameworksBuildPhase section */

/* Begin PBXGroup section */
		753107BE2129F12E0082C6D5 = {
			isa = PBXGroup;
			children = (
				753107C92129F12F0082C6D5 /* gtgios */,
				753107DE2129F12F0082C6D5 /* gtgiosTests */,
				753107E92129F12F0082C6D5 /* gtgiosUITests */,
				753107C82129F12F0082C6D5 /* Products */,
			);
			sourceTree = "<group>";
		};
		753107C82129F12F0082C6D5 /* Products */ = {
			isa = PBXGroup;
			children = (
				753107C72129F12F0082C6D5 /* gtgios.app */,
				753107DB2129F12F0082C6D5 /* gtgiosTests.xctest */,
				753107E62129F12F0082C6D5 /* gtgiosUITests.xctest */,
			);
			name = Products;
			sourceTree = "<group>";
		};
		753107C92129F12F0082C6D5 /* gtgios */ = {
			isa = PBXGroup;
			children = (
				753107CA2129F12F0082C6D5 /* AppDelegate.swift */,
				753107CC2129F12F0082C6D5 /* ViewController.swift */,
				753107CE2129F12F0082C6D5 /* Main.storyboard */,
				753107D12129F12F0082C6D5 /* Assets.xcassets */,
				753107D32129F12F0082C6D5 /* LaunchScreen.storyboard */,
				753107D62129F12F0082C6D5 /* Info.plist */,
			);
			path = gtgios;
			sourceTree = "<group>";
		};
		753107DE2129F12F0082C6D5 /* gtgiosTests */ = {
			isa = PBXGroup;
			children = (
				753107DF2129F12F0082C6D5 /* gtgiosTests.swift */,
				753107E12129F12F0082C6D5 /* Info.plist */,
			);
			path = gtgiosTests;
			sourceTree = "<group>";
		};
		753107E92129F12F0082C6D5 /* gtgiosUITests */ = {
			isa = PBXGroup;
			children = (
				753107EA2129F12F0082C6D5 /* gtgiosUITests.swift */,
				753107EC2129F12F0082C6D5 /* Info.plist */,
			);
			path = gtgiosUITests;
			sourceTree = "<group>";
		};
/* End PBXGroup section */

/* Begin PBXNativeTarget section */
		753107C62129F12F0082C6D5 /* gtgios */ = {
			isa = PBXNativeTarget;
			buildConfigurationList = 753107EF2129F12F0082C6D5 /* Build configuration list for PBXNativeTarget "gtgios" */;
			buildPhases = (
				753107C32129F12F0082C6D5 /* Sources */,
				753107C42129F12F0082C6D5 /* Frameworks */,
				753107C52129F12F0082C6D5 /* Resources */,
			);
			buildRules = (
			);
			dependencies = (
			);
			name = gtgios;
			productName = gtgios;
			productReference = 753107C72129F12F0082C6D5 /* gtgios.app */;
			productType = "com.apple.product-type.application";
		};
		753107DA2129F12F0082C6D5 /* gtgiosTests */ = {
			isa = PBXNativeTarget;
			buildConfigurationList = 753107F22129F12F0082C6D5 /* Build configuration list for PBXNativeTarget "gtgiosTests" */;
			buildPhases = (
				753107D72129F12F0082C6D5 /* Sources */,
				753107D82129F12F0082C6D5 /* Frameworks */,
				753107D92129F12F0082C6D5 /* Resources */,
			);
			buildRules = (
			);
			dependencies = (
				753107DD2129F12F0082C6D5 /* PBXTargetDependency */,
			);
			name = gtgiosTests;
			productName = gtgiosTests;
			productReference = 753107DB2129F12F0082C6D5 /* gtgiosTests.xctest */;
			productType = "com.apple.product-type.bundle.unit-test";
		};
		753107E52129F12F0082C6D5 /* gtgiosUITests */ = {
			isa = PBXNativeTarget;
			buildConfigurationList = 753107F52129F12F0082C6D5 /* Build configuration list for PBXNativeTarget "gtgiosUITests" */;
			buildPhases = (
				753107E22129F12F0082C6D5 /* Sources */,
				753107E32129F12F0082C6D5 /* Frameworks */,
				753107E42129F12F0082C6D5 /* Resources */,
			);
			buildRules = (
			);
			dependencies = (
				753107E82129F12F0082C6D5 /* PBXTargetDependency */,
			);
			name = gtgiosUITests;
			productName = gtgiosUITests;
			productReference = 753107E62129F12F0082C6D5 /* gtgiosUITests.xctest */;
			productType = "com.apple.product-type.bundle.ui-testing";
		};
/* End PBXNativeTarget section */

/* Begin PBXProject section */
		753107BF2129F12E0082C6D5 /* Project object */ = {
			isa = PBXProject;
			attributes = {
				LastSwiftUpdateCheck = 0940;
				LastUpgradeCheck = 0940;
				ORGANIZATIONNAME = "Game Time Giving";
				TargetAttributes = {
					753107C62129F12F0082C6D5 = {
						CreatedOnToolsVersion = 9.4.1;
					};
					753107DA2129F12F0082C6D5 = {
						CreatedOnToolsVersion = 9.4.1;
						TestTargetID = 753107C62129F12F0082C6D5;
					};
					753107E52129F12F0082C6D5 = {
						CreatedOnToolsVersion = 9.4.1;
						TestTargetID = 753107C62129F12F0082C6D5;
					};
				};
			};
			buildConfigurationList = 753107C22129F12E0082C6D5 /* Build configuration list for PBXProject "gtgios" */;
			compatibilityVersion = "Xcode 9.3";
			developmentRegion = en;
			hasScannedForEncodings = 0;
			knownRegions = (
				en,
				Base,
			);
			mainGroup = 753107BE2129F12E0082C6D5;
			productRefGroup = 753107C82129F12F0082C6D5 /* Products */;
			projectDirPath = "";
			projectRoot = "";
			targets = (
				753107C62129F12F0082C6D5 /* gtgios */,
				753107DA2129F12F0082C6D5 /* gtgiosTests */,
				753107E52129F12F0082C6D5 /* gtgiosUITests */,
			);
		};
/* End PBXProject section */

/* Begin PBXResourcesBuildPhase section */
		753107C52129F12F0082C6D5 /* Resources */ = {
			isa = PBXResourcesBuildPhase;
			buildActionMask = 2147483647;
			files = (
				753107D52129F12F0082C6D5 /* LaunchScreen.storyboard in Resources */,
				753107D22129F12F0082C6D5 /* Assets.xcassets in Resources */,
				753107D02129F12F0082C6D5 /* Main.storyboard in Resources */,
			);
			runOnlyForDeploymentPostprocessing = 0;
		};
		753107D92129F12F0082C6D5 /* Resources */ = {
			isa = PBXResourcesBuildPhase;
			buildActionMask = 2147483647;
			files = (
			);
			runOnlyForDeploymentPostprocessing = 0;
		};
		753107E42129F12F0082C6D5 /* Resources */ = {
			isa = PBXResourcesBuildPhase;
			buildActionMask = 2147483647;
			files = (
			);
			runOnlyForDeploymentPostprocessing = 0;
		};
/* End PBXResourcesBuildPhase section */

/* Begin PBXSourcesBuildPhase section */
		753107C32129F12F0082C6D5 /* Sources */ = {
			isa = PBXSourcesBuildPhase;
			buildActionMask = 2147483647;
			files = (
				753107CD2129F12F0082C6D5 /* ViewController.swift in Sources */,
				753107CB2129F12F0082C6D5 /* AppDelegate.swift in Sources */,
			);
			runOnlyForDeploymentPostprocessing = 0;
		};
		753107D72129F12F0082C6D5 /* Sources */ = {
			isa = PBXSourcesBuildPhase;
			buildActionMask = 2147483647;
			files = (
				753107E02129F12F0082C6D5 /* gtgiosTests.swift in Sources */,
			);
			runOnlyForDeploymentPostprocessing = 0;
		};
		753107E22129F12F0082C6D5 /* Sources */ = {
			isa = PBXSourcesBuildPhase;
			buildActionMask = 2147483647;
			files = (
				753107EB2129F12F0082C6D5 /* gtgiosUITests.swift in Sources */,
			);
			runOnlyForDeploymentPostprocessing = 0;
		};
/* End PBXSourcesBuildPhase section */

/* Begin PBXTargetDependency section */
		753107DD2129F12F0082C6D5 /* PBXTargetDependency */ = {
			isa = PBXTargetDependency;
			target = 753107C62129F12F0082C6D5 /* gtgios */;
			targetProxy = 753107DC2129F12F0082C6D5 /* PBXContainerItemProxy */;
		};
		753107E82129F12F0082C6D5 /* PBXTargetDependency */ = {
			isa = PBXTargetDependency;
			target = 753107C62129F12F0082C6D5 /* gtgios */;
			targetProxy = 753107E72129F12F0082C6D5 /* PBXContainerItemProxy */;
		};
/* End PBXTargetDependency section */

/* Begin PBXVariantGroup section */
		753107CE2129F12F0082C6D5 /* Main.storyboard */ = {
			isa = PBXVariantGroup;
			children = (
				753107CF2129F12F0082C6D5 /* Base */,
			);
			name = Main.storyboard;
			sourceTree = "<group>";
		};
		753107D32129F12F0082C6D5 /* LaunchScreen.storyboard */ = {
			isa = PBXVariantGroup;
			children = (
				753107D42129F12F0082C6D5 /* Base */,
			);
			name = LaunchScreen.storyboard;
			sourceTree = "<group>";
		};
/* End PBXVariantGroup section */

/* Begin XCBuildConfiguration section */
		753107ED2129F12F0082C6D5 /* Debug */ = {
			isa = XCBuildConfiguration;
			buildSettings = {
				ALWAYS_SEARCH_USER_PATHS = NO;
				CLANG_ANALYZER_NONNULL = YES;
				CLANG_ANALYZER_NUMBER_OBJECT_CONVERSION = YES_AGGRESSIVE;
				CLANG_CXX_LANGUAGE_STANDARD = "gnu++14";
				CLANG_CXX_LIBRARY = "libc++";
				CLANG_ENABLE_MODULES = YES;
				CLANG_ENABLE_OBJC_ARC = YES;
				CLANG_ENABLE_OBJC_WEAK = YES;
				CLANG_WARN_BLOCK_CAPTURE_AUTORELEASING = YES;
				CLANG_WARN_BOOL_CONVERSION = YES;
				CLANG_WARN_COMMA = YES;
				CLANG_WARN_CONSTANT_CONVERSION = YES;
				CLANG_WARN_DEPRECATED_OBJC_IMPLEMENTATIONS = YES;
				CLANG_WARN_DIRECT_OBJC_ISA_USAGE = YES_ERROR;
				CLANG_WARN_DOCUMENTATION_COMMENTS = YES;
				CLANG_WARN_EMPTY_BODY = YES;
				CLANG_WARN_ENUM_CONVERSION = YES;
				CLANG_WARN_INFINITE_RECURSION = YES;
				CLANG_WARN_INT_CONVERSION = YES;
				CLANG_WARN_NON_LITERAL_NULL_CONVERSION = YES;
				CLANG_WARN_OBJC_IMPLICIT_RETAIN_SELF = YES;
				CLANG_WARN_OBJC_LITERAL_CONVERSION = YES;
				CLANG_WARN_OBJC_ROOT_CLASS = YES_ERROR;
				CLANG_WARN_RANGE_LOOP_ANALYSIS = YES;
				CLANG_WARN_STRICT_PROTOTYPES = YES;
				CLANG_WARN_SUSPICIOUS_MOVE = YES;
				CLANG_WARN_UNGUARDED_AVAILABILITY = YES_AGGRESSIVE;
				CLANG_WARN_UNREACHABLE_CODE = YES;
				CLANG_WARN__DUPLICATE_METHOD_MATCH = YES;
				CODE_SIGN_IDENTITY = "iPhone Developer";
				COPY_PHASE_STRIP = NO;
				DEBUG_INFORMATION_FORMAT = dwarf;
				ENABLE_STRICT_OBJC_MSGSEND = YES;
				ENABLE_TESTABILITY = YES;
				GCC_C_LANGUAGE_STANDARD = gnu11;
				GCC_DYNAMIC_NO_PIC = NO;
				GCC_NO_COMMON_BLOCKS = YES;
				GCC_OPTIMIZATION_LEVEL = 0;
				GCC_PREPROCESSOR_DEFINITIONS = (
					"DEBUG=1",
					"$(inherited)",
				);
				GCC_WARN_64_TO_32_BIT_CONVERSION = YES;
				GCC_WARN_ABOUT_RETURN_TYPE = YES_ERROR;
				GCC_WARN_UNDECLARED_SELECTOR = YES;
				GCC_WARN_UNINITIALIZED_AUTOS = YES_AGGRESSIVE;
				GCC_WARN_UNUSED_FUNCTION = YES;
				GCC_WARN_UNUSED_VARIABLE = YES;
				IPHONEOS_DEPLOYMENT_TARGET = 11.4;
				MTL_ENABLE_DEBUG_INFO = YES;
				ONLY_ACTIVE_ARCH = YES;
				SDKROOT = iphoneos;
				SWIFT_ACTIVE_COMPILATION_CONDITIONS = DEBUG;
				SWIFT_OPTIMIZATION_LEVEL = "-Onone";
			};
			name = Debug;
		};
		753107EE2129F12F0082C6D5 /* Release */ = {
			isa = XCBuildConfiguration;
			buildSettings = {
				ALWAYS_SEARCH_USER_PATHS = NO;
				CLANG_ANALYZER_NONNULL = YES;
				CLANG_ANALYZER_NUMBER_OBJECT_CONVERSION = YES_AGGRESSIVE;
				CLANG_CXX_LANGUAGE_STANDARD = "gnu++14";
				CLANG_CXX_LIBRARY = "libc++";
				CLANG_ENABLE_MODULES = YES;
				CLANG_ENABLE_OBJC_ARC = YES;
				CLANG_ENABLE_OBJC_WEAK = YES;
				CLANG_WARN_BLOCK_CAPTURE_AUTORELEASING = YES;
				CLANG_WARN_BOOL_CONVERSION = YES;
				CLANG_WARN_COMMA = YES;
				CLANG_WARN_CONSTANT_CONVERSION = YES;
				CLANG_WARN_DEPRECATED_OBJC_IMPLEMENTATIONS = YES;
				CLANG_WARN_DIRECT_OBJC_ISA_USAGE = YES_ERROR;
				CLANG_WARN_DOCUMENTATION_COMMENTS = YES;
				CLANG_WARN_EMPTY_BODY = YES;
				CLANG_WARN_ENUM_CONVERSION = YES;
				CLANG_WARN_INFINITE_RECURSION = YES;
				CLANG_WARN_INT_CONVERSION = YES;
				CLANG_WARN_NON_LITERAL_NULL_CONVERSION = YES;
				CLANG_WARN_OBJC_IMPLICIT_RETAIN_SELF = YES;
				CLANG_WARN_OBJC_LITERAL_CONVERSION = YES;
				CLANG_WARN_OBJC_ROOT_CLASS = YES_ERROR;
				CLANG_WARN_RANGE_LOOP_ANALYSIS = YES;
				CLANG_WARN_STRICT_PROTOTYPES = YES;
				CLANG_WARN_SUSPICIOUS_MOVE = YES;
				CLANG_WARN_UNGUARDED_AVAILABILITY = YES_AGGRESSIVE;
				CLANG_WARN_UNREACHABLE_CODE = YES;
				CLANG_WARN__DUPLICATE_METHOD_MATCH = YES;
				CODE_SIGN_IDENTITY = "iPhone Developer";
				COPY_PHASE_STRIP = NO;
				DEBUG_INFORMATION_FORMAT = "dwarf-with-dsym";
				ENABLE_NS_ASSERTIONS = NO;
				ENABLE_STRICT_OBJC_MSGSEND = YES;
				GCC_C_LANGUAGE_STANDARD = gnu11;
				GCC_NO_COMMON_BLOCKS = YES;
				GCC_WARN_64_TO_32_BIT_CONVERSION = YES;
				GCC_WARN_ABOUT_RETURN_TYPE = YES_ERROR;
				GCC_WARN_UNDECLARED_SELECTOR = YES;
				GCC_WARN_UNINITIALIZED_AUTOS = YES_AGGRESSIVE;
				GCC_WARN_UNUSED_FUNCTION = YES;
				GCC_WARN_UNUSED_VARIABLE = YES;
				IPHONEOS_DEPLOYMENT_TARGET = 11.4;
				MTL_ENABLE_DEBUG_INFO = NO;
				SDKROOT = iphoneos;
				SWIFT_COMPILATION_MODE = wholemodule;
				SWIFT_OPTIMIZATION_LEVEL = "-O";
				VALIDATE_PRODUCT = YES;
			};
			name = Release;
		};
		753107F02129F12F0082C6D5 /* Debug */ = {
			isa = XCBuildConfiguration;
			buildSettings = {
				ASSETCATALOG_COMPILER_APPICON_NAME = AppIcon;
				CODE_SIGN_STYLE = Automatic;
				DEVELOPMENT_TEAM = 2RG83UPT88;
				INFOPLIST_FILE = gtgios/Info.plist;
				LD_RUNPATH_SEARCH_PATHS = (
					"$(inherited)",
					"@executable_path/Frameworks",
				);
				PRODUCT_BUNDLE_IDENTIFIER = com.gametimegiving.gtgios;
				PRODUCT_NAME = "$(TARGET_NAME)";
				SWIFT_VERSION = 4.0;
				TARGETED_DEVICE_FAMILY = "1,2";
			};
			name = Debug;
		};
		753107F12129F12F0082C6D5 /* Release */ = {
			isa = XCBuildConfiguration;
			buildSettings = {
				ASSETCATALOG_COMPILER_APPICON_NAME = AppIcon;
				CODE_SIGN_STYLE = Automatic;
				DEVELOPMENT_TEAM = 2RG83UPT88;
				INFOPLIST_FILE = gtgios/Info.plist;
				LD_RUNPATH_SEARCH_PATHS = (
					"$(inherited)",
					"@executable_path/Frameworks",
				);
				PRODUCT_BUNDLE_IDENTIFIER = com.gametimegiving.gtgios;
				PRODUCT_NAME = "$(TARGET_NAME)";
				SWIFT_VERSION = 4.0;
				TARGETED_DEVICE_FAMILY = "1,2";
			};
			name = Release;
		};
		753107F32129F12F0082C6D5 /* Debug */ = {
			isa = XCBuildConfiguration;
			buildSettings = {
				ALWAYS_EMBED_SWIFT_STANDARD_LIBRARIES = YES;
				BUNDLE_LOADER = "$(TEST_HOST)";
				CODE_SIGN_STYLE = Automatic;
				DEVELOPMENT_TEAM = 2RG83UPT88;
				INFOPLIST_FILE = gtgiosTests/Info.plist;
				LD_RUNPATH_SEARCH_PATHS = (
					"$(inherited)",
					"@executable_path/Frameworks",
					"@loader_path/Frameworks",
				);
				PRODUCT_BUNDLE_IDENTIFIER = com.gametimegiving.gtgiosTests;
				PRODUCT_NAME = "$(TARGET_NAME)";
				SWIFT_VERSION = 4.0;
				TARGETED_DEVICE_FAMILY = "1,2";
				TEST_HOST = "$(BUILT_PRODUCTS_DIR)/gtgios.app/gtgios";
			};
			name = Debug;
		};
		753107F42129F12F0082C6D5 /* Release */ = {
			isa = XCBuildConfiguration;
			buildSettings = {
				ALWAYS_EMBED_SWIFT_STANDARD_LIBRARIES = YES;
				BUNDLE_LOADER = "$(TEST_HOST)";
				CODE_SIGN_STYLE = Automatic;
				DEVELOPMENT_TEAM = 2RG83UPT88;
				INFOPLIST_FILE = gtgiosTests/Info.plist;
				LD_RUNPATH_SEARCH_PATHS = (
					"$(inherited)",
					"@executable_path/Frameworks",
					"@loader_path/Frameworks",
				);
				PRODUCT_BUNDLE_IDENTIFIER = com.gametimegiving.gtgiosTests;
				PRODUCT_NAME = "$(TARGET_NAME)";
				SWIFT_VERSION = 4.0;
				TARGETED_DEVICE_FAMILY = "1,2";
				TEST_HOST = "$(BUILT_PRODUCTS_DIR)/gtgios.app/gtgios";
			};
			name = Release;
		};
		753107F62129F12F0082C6D5 /* Debug */ = {
			isa = XCBuildConfiguration;
			buildSettings = {
				ALWAYS_EMBED_SWIFT_STANDARD_LIBRARIES = YES;
				CODE_SIGN_STYLE = Automatic;
				DEVELOPMENT_TEAM = 2RG83UPT88;
				INFOPLIST_FILE = gtgiosUITests/Info.plist;
				LD_RUNPATH_SEARCH_PATHS = (
					"$(inherited)",
					"@executable_path/Frameworks",
					"@loader_path/Frameworks",
				);
				PRODUCT_BUNDLE_IDENTIFIER = com.gametimegiving.gtgiosUITests;
				PRODUCT_NAME = "$(TARGET_NAME)";
				SWIFT_VERSION = 4.0;
				TARGETED_DEVICE_FAMILY = "1,2";
				TEST_TARGET_NAME = gtgios;
			};
			name = Debug;
		};
		753107F72129F12F0082C6D5 /* Release */ = {
			isa = XCBuildConfiguration;
			buildSettings = {
				ALWAYS_EMBED_SWIFT_STANDARD_LIBRARIES = YES;
				CODE_SIGN_STYLE = Automatic;
				DEVELOPMENT_TEAM = 2RG83UPT88;
				INFOPLIST_FILE = gtgiosUITests/Info.plist;
				LD_RUNPATH_SEARCH_PATHS = (
					"$(inherited)",
					"@executable_path/Frameworks",
					"@loader_path/Frameworks",
				);
				PRODUCT_BUNDLE_IDENTIFIER = com.gametimegiving.gtgiosUITests;
				PRODUCT_NAME = "$(TARGET_NAME)";
				SWIFT_VERSION = 4.0;
				TARGETED_DEVICE_FAMILY = "1,2";
				TEST_TARGET_NAME = gtgios;
			};
			name = Release;
		};
/* End XCBuildConfiguration section */

/* Begin XCConfigurationList section */
		753107C22129F12E0082C6D5 /* Build configuration list for PBXProject "gtgios" */ = {
			isa = XCConfigurationList;
			buildConfigurations = (
				753107ED2129F12F0082C6D5 /* Debug */,
				753107EE2129F12F0082C6D5 /* Release */,
			);
			defaultConfigurationIsVisible = 0;
			defaultConfigurationName = Release;
		};
		753107EF2129F12F0082C6D5 /* Build configuration list for PBXNativeTarget "gtgios" */ = {
			isa = XCConfigurationList;
			buildConfigurations = (
				753107F02129F12F0082C6D5 /* Debug */,
				753107F12129F12F0082C6D5 /* Release */,
			);
			defaultConfigurationIsVisible = 0;
			defaultConfigurationName = Release;
		};
		753107F22129F12F0082C6D5 /* Build configuration list for PBXNativeTarget "gtgiosTests" */ = {
			isa = XCConfigurationList;
			buildConfigurations = (
				753107F32129F12F0082C6D5 /* Debug */,
				753107F42129F12F0082C6D5 /* Release */,
			);
			defaultConfigurationIsVisible = 0;
			defaultConfigurationName = Release;
		};
		753107F52129F12F0082C6D5 /* Build configuration list for PBXNativeTarget "gtgiosUITests" */ = {
			isa = XCConfigurationList;
			buildConfigurations = (
				753107F62129F12F0082C6D5 /* Debug */,
				753107F72129F12F0082C6D5 /* Release */,
			);
			defaultConfigurationIsVisible = 0;
			defaultConfigurationName = Release;
		};
/* End XCConfigurationList section */
	};
	rootObject = 753107BF2129F12E0082C6D5 /* Project object */;
}
